// !$*UTF8*$!
{
	archiveVersion = 1;
	classes = {
	};
	objectVersion = 46;
	objects = {

/* Begin PBXBuildFile section */
		BF39BD37197B286B007D1A83 /* FlickrPhotosTVC.m in Sources */ = {isa = PBXBuildFile; fileRef = BF39BD36197B286B007D1A83 /* FlickrPhotosTVC.m */; };
		BF39BD3B197B290D007D1A83 /* TopPhotosByLocationFlickrPhotosTVC.m in Sources */ = {isa = PBXBuildFile; fileRef = BF39BD3A197B290D007D1A83 /* TopPhotosByLocationFlickrPhotosTVC.m */; };
		BF39BD3E197B7C35007D1A83 /* ImageViewController.m in Sources */ = {isa = PBXBuildFile; fileRef = BF39BD3D197B7C35007D1A83 /* ImageViewController.m */; };
		BF39BD41197C438F007D1A83 /* RecentPhotosFlickrPhotosTVC.m in Sources */ = {isa = PBXBuildFile; fileRef = BF39BD40197C438F007D1A83 /* RecentPhotosFlickrPhotosTVC.m */; };
		BF39BD44197C9780007D1A83 /* UserDefaults.m in Sources */ = {isa = PBXBuildFile; fileRef = BF39BD43197C9780007D1A83 /* UserDefaults.m */; };
		BF39BD4A1982CA6B007D1A83 /* CoreDataTableViewController.m in Sources */ = {isa = PBXBuildFile; fileRef = BF39BD491982CA6B007D1A83 /* CoreDataTableViewController.m */; };
		BF39BD4D1982CCEC007D1A83 /* SharedDocumentHandler.m in Sources */ = {isa = PBXBuildFile; fileRef = BF39BD4C1982CCEC007D1A83 /* SharedDocumentHandler.m */; };
		BF39BD50198437DC007D1A83 /* TopPlaces.xcdatamodeld in Sources */ = {isa = PBXBuildFile; fileRef = BF39BD4E198437DC007D1A83 /* TopPlaces.xcdatamodeld */; };
		BF39BD6B198564ED007D1A83 /* Photo+Flickr.m in Sources */ = {isa = PBXBuildFile; fileRef = BF39BD6A198564ED007D1A83 /* Photo+Flickr.m */; };
		BF39BD6E19856C38007D1A83 /* Photographer+Create.m in Sources */ = {isa = PBXBuildFile; fileRef = BF39BD6D19856C38007D1A83 /* Photographer+Create.m */; };
		BF39BD7119857320007D1A83 /* Region+Flickr.m in Sources */ = {isa = PBXBuildFile; fileRef = BF39BD7019857320007D1A83 /* Region+Flickr.m */; };
		BF598E061978271F00DE7B5E /* Foundation.framework in Frameworks */ = {isa = PBXBuildFile; fileRef = BF598E051978271F00DE7B5E /* Foundation.framework */; };
		BF598E081978271F00DE7B5E /* CoreGraphics.framework in Frameworks */ = {isa = PBXBuildFile; fileRef = BF598E071978271F00DE7B5E /* CoreGraphics.framework */; };
		BF598E0A1978271F00DE7B5E /* UIKit.framework in Frameworks */ = {isa = PBXBuildFile; fileRef = BF598E091978271F00DE7B5E /* UIKit.framework */; };
		BF598E101978271F00DE7B5E /* InfoPlist.strings in Resources */ = {isa = PBXBuildFile; fileRef = BF598E0E1978271F00DE7B5E /* InfoPlist.strings */; };
		BF598E121978271F00DE7B5E /* main.m in Sources */ = {isa = PBXBuildFile; fileRef = BF598E111978271F00DE7B5E /* main.m */; };
		BF598E161978271F00DE7B5E /* AppDelegate.m in Sources */ = {isa = PBXBuildFile; fileRef = BF598E151978271F00DE7B5E /* AppDelegate.m */; };
		BF598E191978271F00DE7B5E /* Main_iPhone.storyboard in Resources */ = {isa = PBXBuildFile; fileRef = BF598E171978271F00DE7B5E /* Main_iPhone.storyboard */; };
		BF598E1C1978271F00DE7B5E /* Main_iPad.storyboard in Resources */ = {isa = PBXBuildFile; fileRef = BF598E1A1978271F00DE7B5E /* Main_iPad.storyboard */; };
		BF598E211978271F00DE7B5E /* Images.xcassets in Resources */ = {isa = PBXBuildFile; fileRef = BF598E201978271F00DE7B5E /* Images.xcassets */; };
		BF598E281978271F00DE7B5E /* XCTest.framework in Frameworks */ = {isa = PBXBuildFile; fileRef = BF598E271978271F00DE7B5E /* XCTest.framework */; };
		BF598E291978271F00DE7B5E /* Foundation.framework in Frameworks */ = {isa = PBXBuildFile; fileRef = BF598E051978271F00DE7B5E /* Foundation.framework */; };
		BF598E2A1978271F00DE7B5E /* UIKit.framework in Frameworks */ = {isa = PBXBuildFile; fileRef = BF598E091978271F00DE7B5E /* UIKit.framework */; };
		BF598E321978271F00DE7B5E /* InfoPlist.strings in Resources */ = {isa = PBXBuildFile; fileRef = BF598E301978271F00DE7B5E /* InfoPlist.strings */; };
		BF598E341978271F00DE7B5E /* Top_PlacesTests.m in Sources */ = {isa = PBXBuildFile; fileRef = BF598E331978271F00DE7B5E /* Top_PlacesTests.m */; };
		BF598E421978288400DE7B5E /* FlickrRegionsTVC.m in Sources */ = {isa = PBXBuildFile; fileRef = BF598E411978288400DE7B5E /* FlickrRegionsTVC.m */; };
		BF598E46197828BF00DE7B5E /* FlickrFetcher.m in Sources */ = {isa = PBXBuildFile; fileRef = BF598E45197828BF00DE7B5E /* FlickrFetcher.m */; };
		BF598E4919782ABF00DE7B5E /* TopRegionsFlickrLocationsTVC.m in Sources */ = {isa = PBXBuildFile; fileRef = BF598E4819782ABF00DE7B5E /* TopRegionsFlickrLocationsTVC.m */; };
		BF630AE819992BCC00360D8D /* Region.m in Sources */ = {isa = PBXBuildFile; fileRef = BF630AE719992BCC00360D8D /* Region.m */; };
		BF630AEB19992BCD00360D8D /* Photo.m in Sources */ = {isa = PBXBuildFile; fileRef = BF630AEA19992BCD00360D8D /* Photo.m */; };
		BF630AEE19992BCD00360D8D /* Photographer.m in Sources */ = {isa = PBXBuildFile; fileRef = BF630AED19992BCD00360D8D /* Photographer.m */; };
/* End PBXBuildFile section */

/* Begin PBXContainerItemProxy section */
		BF598E2B1978271F00DE7B5E /* PBXContainerItemProxy */ = {
			isa = PBXContainerItemProxy;
			containerPortal = BF598DFA1978271F00DE7B5E /* Project object */;
			proxyType = 1;
			remoteGlobalIDString = BF598E011978271F00DE7B5E;
			remoteInfo = "Top Places";
		};
/* End PBXContainerItemProxy section */

/* Begin PBXFileReference section */
		BF39BD35197B286B007D1A83 /* FlickrPhotosTVC.h */ = {isa = PBXFileReference; fileEncoding = 4; lastKnownFileType = sourcecode.c.h; path = FlickrPhotosTVC.h; sourceTree = "<group>"; };
		BF39BD36197B286B007D1A83 /* FlickrPhotosTVC.m */ = {isa = PBXFileReference; fileEncoding = 4; lastKnownFileType = sourcecode.c.objc; path = FlickrPhotosTVC.m; sourceTree = "<group>"; };
		BF39BD39197B290D007D1A83 /* TopPhotosByLocationFlickrPhotosTVC.h */ = {isa = PBXFileReference; fileEncoding = 4; lastKnownFileType = sourcecode.c.h; name = TopPhotosByLocationFlickrPhotosTVC.h; path = ../TopPhotosByLocationFlickrPhotosTVC.h; sourceTree = "<group>"; };
		BF39BD3A197B290D007D1A83 /* TopPhotosByLocationFlickrPhotosTVC.m */ = {isa = PBXFileReference; fileEncoding = 4; lastKnownFileType = sourcecode.c.objc; name = TopPhotosByLocationFlickrPhotosTVC.m; path = ../TopPhotosByLocationFlickrPhotosTVC.m; sourceTree = "<group>"; };
		BF39BD3C197B7C35007D1A83 /* ImageViewController.h */ = {isa = PBXFileReference; fileEncoding = 4; lastKnownFileType = sourcecode.c.h; path = ImageViewController.h; sourceTree = "<group>"; };
		BF39BD3D197B7C35007D1A83 /* ImageViewController.m */ = {isa = PBXFileReference; fileEncoding = 4; lastKnownFileType = sourcecode.c.objc; path = ImageViewController.m; sourceTree = "<group>"; };
		BF39BD3F197C438F007D1A83 /* RecentPhotosFlickrPhotosTVC.h */ = {isa = PBXFileReference; fileEncoding = 4; lastKnownFileType = sourcecode.c.h; path = RecentPhotosFlickrPhotosTVC.h; sourceTree = "<group>"; };
		BF39BD40197C438F007D1A83 /* RecentPhotosFlickrPhotosTVC.m */ = {isa = PBXFileReference; fileEncoding = 4; lastKnownFileType = sourcecode.c.objc; path = RecentPhotosFlickrPhotosTVC.m; sourceTree = "<group>"; };
		BF39BD42197C9780007D1A83 /* UserDefaults.h */ = {isa = PBXFileReference; fileEncoding = 4; lastKnownFileType = sourcecode.c.h; path = UserDefaults.h; sourceTree = "<group>"; };
		BF39BD43197C9780007D1A83 /* UserDefaults.m */ = {isa = PBXFileReference; fileEncoding = 4; lastKnownFileType = sourcecode.c.objc; path = UserDefaults.m; sourceTree = "<group>"; };
		BF39BD481982CA6B007D1A83 /* CoreDataTableViewController.h */ = {isa = PBXFileReference; fileEncoding = 4; lastKnownFileType = sourcecode.c.h; path = CoreDataTableViewController.h; sourceTree = "<group>"; };
		BF39BD491982CA6B007D1A83 /* CoreDataTableViewController.m */ = {isa = PBXFileReference; fileEncoding = 4; lastKnownFileType = sourcecode.c.objc; path = CoreDataTableViewController.m; sourceTree = "<group>"; };
		BF39BD4B1982CCEC007D1A83 /* SharedDocumentHandler.h */ = {isa = PBXFileReference; fileEncoding = 4; lastKnownFileType = sourcecode.c.h; path = SharedDocumentHandler.h; sourceTree = "<group>"; };
		BF39BD4C1982CCEC007D1A83 /* SharedDocumentHandler.m */ = {isa = PBXFileReference; fileEncoding = 4; lastKnownFileType = sourcecode.c.objc; path = SharedDocumentHandler.m; sourceTree = "<group>"; };
		BF39BD4F198437DC007D1A83 /* TopPlaces.xcdatamodel */ = {isa = PBXFileReference; lastKnownFileType = wrapper.xcdatamodel; path = TopPlaces.xcdatamodel; sourceTree = "<group>"; };
		BF39BD69198564ED007D1A83 /* Photo+Flickr.h */ = {isa = PBXFileReference; fileEncoding = 4; lastKnownFileType = sourcecode.c.h; path = "Photo+Flickr.h"; sourceTree = "<group>"; };
		BF39BD6A198564ED007D1A83 /* Photo+Flickr.m */ = {isa = PBXFileReference; fileEncoding = 4; lastKnownFileType = sourcecode.c.objc; path = "Photo+Flickr.m"; sourceTree = "<group>"; };
		BF39BD6C19856C38007D1A83 /* Photographer+Create.h */ = {isa = PBXFileReference; fileEncoding = 4; lastKnownFileType = sourcecode.c.h; path = "Photographer+Create.h"; sourceTree = "<group>"; };
		BF39BD6D19856C38007D1A83 /* Photographer+Create.m */ = {isa = PBXFileReference; fileEncoding = 4; lastKnownFileType = sourcecode.c.objc; path = "Photographer+Create.m"; sourceTree = "<group>"; };
		BF39BD6F19857320007D1A83 /* Region+Flickr.h */ = {isa = PBXFileReference; fileEncoding = 4; lastKnownFileType = sourcecode.c.h; path = "Region+Flickr.h"; sourceTree = "<group>"; };
		BF39BD7019857320007D1A83 /* Region+Flickr.m */ = {isa = PBXFileReference; fileEncoding = 4; lastKnownFileType = sourcecode.c.objc; path = "Region+Flickr.m"; sourceTree = "<group>"; };
		BF598E021978271F00DE7B5E /* Top Places.app */ = {isa = PBXFileReference; explicitFileType = wrapper.application; includeInIndex = 0; path = "Top Places.app"; sourceTree = BUILT_PRODUCTS_DIR; };
		BF598E051978271F00DE7B5E /* Foundation.framework */ = {isa = PBXFileReference; lastKnownFileType = wrapper.framework; name = Foundation.framework; path = System/Library/Frameworks/Foundation.framework; sourceTree = SDKROOT; };
		BF598E071978271F00DE7B5E /* CoreGraphics.framework */ = {isa = PBXFileReference; lastKnownFileType = wrapper.framework; name = CoreGraphics.framework; path = System/Library/Frameworks/CoreGraphics.framework; sourceTree = SDKROOT; };
		BF598E091978271F00DE7B5E /* UIKit.framework */ = {isa = PBXFileReference; lastKnownFileType = wrapper.framework; name = UIKit.framework; path = System/Library/Frameworks/UIKit.framework; sourceTree = SDKROOT; };
		BF598E0D1978271F00DE7B5E /* Top Places-Info.plist */ = {isa = PBXFileReference; lastKnownFileType = text.plist.xml; path = "Top Places-Info.plist"; sourceTree = "<group>"; };
		BF598E0F1978271F00DE7B5E /* en */ = {isa = PBXFileReference; lastKnownFileType = text.plist.strings; name = en; path = en.lproj/InfoPlist.strings; sourceTree = "<group>"; };
		BF598E111978271F00DE7B5E /* main.m */ = {isa = PBXFileReference; lastKnownFileType = sourcecode.c.objc; path = main.m; sourceTree = "<group>"; };
		BF598E131978271F00DE7B5E /* Top Places-Prefix.pch */ = {isa = PBXFileReference; lastKnownFileType = sourcecode.c.h; path = "Top Places-Prefix.pch"; sourceTree = "<group>"; };
		BF598E141978271F00DE7B5E /* AppDelegate.h */ = {isa = PBXFileReference; lastKnownFileType = sourcecode.c.h; path = AppDelegate.h; sourceTree = "<group>"; };
		BF598E151978271F00DE7B5E /* AppDelegate.m */ = {isa = PBXFileReference; lastKnownFileType = sourcecode.c.objc; path = AppDelegate.m; sourceTree = "<group>"; };
		BF598E181978271F00DE7B5E /* Base */ = {isa = PBXFileReference; lastKnownFileType = file.storyboard; name = Base; path = Base.lproj/Main_iPhone.storyboard; sourceTree = "<group>"; };
		BF598E1B1978271F00DE7B5E /* Base */ = {isa = PBXFileReference; lastKnownFileType = file.storyboard; name = Base; path = Base.lproj/Main_iPad.storyboard; sourceTree = "<group>"; };
		BF598E201978271F00DE7B5E /* Images.xcassets */ = {isa = PBXFileReference; lastKnownFileType = folder.assetcatalog; path = Images.xcassets; sourceTree = "<group>"; };
		BF598E261978271F00DE7B5E /* Top PlacesTests.xctest */ = {isa = PBXFileReference; explicitFileType = wrapper.cfbundle; includeInIndex = 0; path = "Top PlacesTests.xctest"; sourceTree = BUILT_PRODUCTS_DIR; };
		BF598E271978271F00DE7B5E /* XCTest.framework */ = {isa = PBXFileReference; lastKnownFileType = wrapper.framework; name = XCTest.framework; path = Library/Frameworks/XCTest.framework; sourceTree = DEVELOPER_DIR; };
		BF598E2F1978271F00DE7B5E /* Top PlacesTests-Info.plist */ = {isa = PBXFileReference; lastKnownFileType = text.plist.xml; path = "Top PlacesTests-Info.plist"; sourceTree = "<group>"; };
		BF598E311978271F00DE7B5E /* en */ = {isa = PBXFileReference; lastKnownFileType = text.plist.strings; name = en; path = en.lproj/InfoPlist.strings; sourceTree = "<group>"; };
		BF598E331978271F00DE7B5E /* Top_PlacesTests.m */ = {isa = PBXFileReference; lastKnownFileType = sourcecode.c.objc; path = Top_PlacesTests.m; sourceTree = "<group>"; };
		BF598E401978288400DE7B5E /* FlickrRegionsTVC.h */ = {isa = PBXFileReference; fileEncoding = 4; lastKnownFileType = sourcecode.c.h; name = FlickrRegionsTVC.h; path = ../FlickrRegionsTVC.h; sourceTree = "<group>"; };
		BF598E411978288400DE7B5E /* FlickrRegionsTVC.m */ = {isa = PBXFileReference; fileEncoding = 4; lastKnownFileType = sourcecode.c.objc; name = FlickrRegionsTVC.m; path = ../FlickrRegionsTVC.m; sourceTree = "<group>"; };
		BF598E43197828BF00DE7B5E /* FlickrAPIKey.h */ = {isa = PBXFileReference; fileEncoding = 4; lastKnownFileType = sourcecode.c.h; name = FlickrAPIKey.h; path = "../../../Downloads/Flickr Fetcher/FlickrAPIKey.h"; sourceTree = "<group>"; };
		BF598E44197828BF00DE7B5E /* FlickrFetcher.h */ = {isa = PBXFileReference; fileEncoding = 4; lastKnownFileType = sourcecode.c.h; name = FlickrFetcher.h; path = "../../../Downloads/Flickr Fetcher/FlickrFetcher.h"; sourceTree = "<group>"; };
		BF598E45197828BF00DE7B5E /* FlickrFetcher.m */ = {isa = PBXFileReference; fileEncoding = 4; lastKnownFileType = sourcecode.c.objc; name = FlickrFetcher.m; path = "../../../Downloads/Flickr Fetcher/FlickrFetcher.m"; sourceTree = "<group>"; };
		BF598E4719782ABE00DE7B5E /* TopRegionsFlickrLocationsTVC.h */ = {isa = PBXFileReference; fileEncoding = 4; lastKnownFileType = sourcecode.c.h; path = TopRegionsFlickrLocationsTVC.h; sourceTree = "<group>"; };
		BF598E4819782ABF00DE7B5E /* TopRegionsFlickrLocationsTVC.m */ = {isa = PBXFileReference; fileEncoding = 4; lastKnownFileType = sourcecode.c.objc; path = TopRegionsFlickrLocationsTVC.m; sourceTree = "<group>"; };
		BF630AE619992BCC00360D8D /* Region.h */ = {isa = PBXFileReference; fileEncoding = 4; lastKnownFileType = sourcecode.c.h; path = Region.h; sourceTree = "<group>"; };
		BF630AE719992BCC00360D8D /* Region.m */ = {isa = PBXFileReference; fileEncoding = 4; lastKnownFileType = sourcecode.c.objc; path = Region.m; sourceTree = "<group>"; };
		BF630AE919992BCD00360D8D /* Photo.h */ = {isa = PBXFileReference; fileEncoding = 4; lastKnownFileType = sourcecode.c.h; path = Photo.h; sourceTree = "<group>"; };
		BF630AEA19992BCD00360D8D /* Photo.m */ = {isa = PBXFileReference; fileEncoding = 4; lastKnownFileType = sourcecode.c.objc; path = Photo.m; sourceTree = "<group>"; };
		BF630AEC19992BCD00360D8D /* Photographer.h */ = {isa = PBXFileReference; fileEncoding = 4; lastKnownFileType = sourcecode.c.h; path = Photographer.h; sourceTree = "<group>"; };
		BF630AED19992BCD00360D8D /* Photographer.m */ = {isa = PBXFileReference; fileEncoding = 4; lastKnownFileType = sourcecode.c.objc; path = Photographer.m; sourceTree = "<group>"; };
		BFF5F2FB198758AD00ACCB2F /* PhotoDatabaseAvailability.h */ = {isa = PBXFileReference; lastKnownFileType = sourcecode.c.h; path = PhotoDatabaseAvailability.h; sourceTree = "<group>"; };
/* End PBXFileReference section */

/* Begin PBXFrameworksBuildPhase section */
		BF598DFF1978271F00DE7B5E /* Frameworks */ = {
			isa = PBXFrameworksBuildPhase;
			buildActionMask = 2147483647;
			files = (
				BF598E081978271F00DE7B5E /* CoreGraphics.framework in Frameworks */,
				BF598E0A1978271F00DE7B5E /* UIKit.framework in Frameworks */,
				BF598E061978271F00DE7B5E /* Foundation.framework in Frameworks */,
			);
			runOnlyForDeploymentPostprocessing = 0;
		};
		BF598E231978271F00DE7B5E /* Frameworks */ = {
			isa = PBXFrameworksBuildPhase;
			buildActionMask = 2147483647;
			files = (
				BF598E281978271F00DE7B5E /* XCTest.framework in Frameworks */,
				BF598E2A1978271F00DE7B5E /* UIKit.framework in Frameworks */,
				BF598E291978271F00DE7B5E /* Foundation.framework in Frameworks */,
			);
			runOnlyForDeploymentPostprocessing = 0;
		};
/* End PBXFrameworksBuildPhase section */

/* Begin PBXGroup section */
		BF598DF91978271F00DE7B5E = {
			isa = PBXGroup;
			children = (
				BF598E0B1978271F00DE7B5E /* Top Places */,
				BF598E2D1978271F00DE7B5E /* Top PlacesTests */,
				BF598E041978271F00DE7B5E /* Frameworks */,
				BF598E031978271F00DE7B5E /* Products */,
			);
			sourceTree = "<group>";
		};
		BF598E031978271F00DE7B5E /* Products */ = {
			isa = PBXGroup;
			children = (
				BF598E021978271F00DE7B5E /* Top Places.app */,
				BF598E261978271F00DE7B5E /* Top PlacesTests.xctest */,
			);
			name = Products;
			sourceTree = "<group>";
		};
		BF598E041978271F00DE7B5E /* Frameworks */ = {
			isa = PBXGroup;
			children = (
				BF598E051978271F00DE7B5E /* Foundation.framework */,
				BF598E071978271F00DE7B5E /* CoreGraphics.framework */,
				BF598E091978271F00DE7B5E /* UIKit.framework */,
				BF598E271978271F00DE7B5E /* XCTest.framework */,
			);
			name = Frameworks;
			sourceTree = "<group>";
		};
		BF598E0B1978271F00DE7B5E /* Top Places */ = {
			isa = PBXGroup;
			children = (
				BF598E141978271F00DE7B5E /* AppDelegate.h */,
				BF598E151978271F00DE7B5E /* AppDelegate.m */,
				BF39BD481982CA6B007D1A83 /* CoreDataTableViewController.h */,
				BF39BD491982CA6B007D1A83 /* CoreDataTableViewController.m */,
				BF598E401978288400DE7B5E /* FlickrRegionsTVC.h */,
				BF598E411978288400DE7B5E /* FlickrRegionsTVC.m */,
				BF39BD35197B286B007D1A83 /* FlickrPhotosTVC.h */,
				BF39BD36197B286B007D1A83 /* FlickrPhotosTVC.m */,
				BF598E43197828BF00DE7B5E /* FlickrAPIKey.h */,
				BF598E44197828BF00DE7B5E /* FlickrFetcher.h */,
				BF598E45197828BF00DE7B5E /* FlickrFetcher.m */,
				BF39BD3C197B7C35007D1A83 /* ImageViewController.h */,
				BF39BD3D197B7C35007D1A83 /* ImageViewController.m */,
				BF598E171978271F00DE7B5E /* Main_iPhone.storyboard */,
				BF598E1A1978271F00DE7B5E /* Main_iPad.storyboard */,
				BF630AE619992BCC00360D8D /* Region.h */,
				BF630AEC19992BCD00360D8D /* Photographer.h */,
				BF630AED19992BCD00360D8D /* Photographer.m */,
				BF630AE919992BCD00360D8D /* Photo.h */,
				BF630AEA19992BCD00360D8D /* Photo.m */,
				BF630AE719992BCC00360D8D /* Region.m */,
				BF39BD4E198437DC007D1A83 /* TopPlaces.xcdatamodeld */,
				BF39BD6F19857320007D1A83 /* Region+Flickr.h */,
				BF39BD7019857320007D1A83 /* Region+Flickr.m */,
				BFF5F2FB198758AD00ACCB2F /* PhotoDatabaseAvailability.h */,
				BF39BD69198564ED007D1A83 /* Photo+Flickr.h */,
				BF39BD6A198564ED007D1A83 /* Photo+Flickr.m */,
				BF39BD6C19856C38007D1A83 /* Photographer+Create.h */,
				BF39BD6D19856C38007D1A83 /* Photographer+Create.m */,
				BF598E4719782ABE00DE7B5E /* TopRegionsFlickrLocationsTVC.h */,
				BF598E4819782ABF00DE7B5E /* TopRegionsFlickrLocationsTVC.m */,
				BF39BD39197B290D007D1A83 /* TopPhotosByLocationFlickrPhotosTVC.h */,
				BF39BD3A197B290D007D1A83 /* TopPhotosByLocationFlickrPhotosTVC.m */,
				BF39BD3F197C438F007D1A83 /* RecentPhotosFlickrPhotosTVC.h */,
				BF39BD40197C438F007D1A83 /* RecentPhotosFlickrPhotosTVC.m */,
				BF598E201978271F00DE7B5E /* Images.xcassets */,
				BF598E0C1978271F00DE7B5E /* Supporting Files */,
				BF39BD42197C9780007D1A83 /* UserDefaults.h */,
				BF39BD43197C9780007D1A83 /* UserDefaults.m */,
				BF39BD4B1982CCEC007D1A83 /* SharedDocumentHandler.h */,
				BF39BD4C1982CCEC007D1A83 /* SharedDocumentHandler.m */,
			);
			path = "Top Places";
			sourceTree = "<group>";
		};
		BF598E0C1978271F00DE7B5E /* Supporting Files */ = {
			isa = PBXGroup;
			children = (
				BF598E0D1978271F00DE7B5E /* Top Places-Info.plist */,
				BF598E0E1978271F00DE7B5E /* InfoPlist.strings */,
				BF598E111978271F00DE7B5E /* main.m */,
				BF598E131978271F00DE7B5E /* Top Places-Prefix.pch */,
			);
			name = "Supporting Files";
			sourceTree = "<group>";
		};
		BF598E2D1978271F00DE7B5E /* Top PlacesTests */ = {
			isa = PBXGroup;
			children = (
				BF598E331978271F00DE7B5E /* Top_PlacesTests.m */,
				BF598E2E1978271F00DE7B5E /* Supporting Files */,
			);
			path = "Top PlacesTests";
			sourceTree = "<group>";
		};
		BF598E2E1978271F00DE7B5E /* Supporting Files */ = {
			isa = PBXGroup;
			children = (
				BF598E2F1978271F00DE7B5E /* Top PlacesTests-Info.plist */,
				BF598E301978271F00DE7B5E /* InfoPlist.strings */,
			);
			name = "Supporting Files";
			sourceTree = "<group>";
		};
/* End PBXGroup section */

/* Begin PBXNativeTarget section */
		BF598E011978271F00DE7B5E /* Top Places */ = {
			isa = PBXNativeTarget;
			buildConfigurationList = BF598E371978271F00DE7B5E /* Build configuration list for PBXNativeTarget "Top Places" */;
			buildPhases = (
				BF598DFE1978271F00DE7B5E /* Sources */,
				BF598DFF1978271F00DE7B5E /* Frameworks */,
				BF598E001978271F00DE7B5E /* Resources */,
			);
			buildRules = (
			);
			dependencies = (
			);
			name = "Top Places";
			productName = "Top Places";
			productReference = BF598E021978271F00DE7B5E /* Top Places.app */;
			productType = "com.apple.product-type.application";
		};
		BF598E251978271F00DE7B5E /* Top PlacesTests */ = {
			isa = PBXNativeTarget;
			buildConfigurationList = BF598E3A1978271F00DE7B5E /* Build configuration list for PBXNativeTarget "Top PlacesTests" */;
			buildPhases = (
				BF598E221978271F00DE7B5E /* Sources */,
				BF598E231978271F00DE7B5E /* Frameworks */,
				BF598E241978271F00DE7B5E /* Resources */,
			);
			buildRules = (
			);
			dependencies = (
				BF598E2C1978271F00DE7B5E /* PBXTargetDependency */,
			);
			name = "Top PlacesTests";
			productName = "Top PlacesTests";
			productReference = BF598E261978271F00DE7B5E /* Top PlacesTests.xctest */;
			productType = "com.apple.product-type.bundle.unit-test";
		};
/* End PBXNativeTarget section */

/* Begin PBXProject section */
		BF598DFA1978271F00DE7B5E /* Project object */ = {
			isa = PBXProject;
			attributes = {
				LastUpgradeCheck = 0510;
				ORGANIZATIONNAME = fissionmailed;
				TargetAttributes = {
					BF598E251978271F00DE7B5E = {
						TestTargetID = BF598E011978271F00DE7B5E;
					};
				};
			};
			buildConfigurationList = BF598DFD1978271F00DE7B5E /* Build configuration list for PBXProject "Top Places" */;
			compatibilityVersion = "Xcode 3.2";
			developmentRegion = English;
			hasScannedForEncodings = 0;
			knownRegions = (
				en,
				Base,
			);
			mainGroup = BF598DF91978271F00DE7B5E;
			productRefGroup = BF598E031978271F00DE7B5E /* Products */;
			projectDirPath = "";
			projectRoot = "";
			targets = (
				BF598E011978271F00DE7B5E /* Top Places */,
				BF598E251978271F00DE7B5E /* Top PlacesTests */,
			);
		};
/* End PBXProject section */

/* Begin PBXResourcesBuildPhase section */
		BF598E001978271F00DE7B5E /* Resources */ = {
			isa = PBXResourcesBuildPhase;
			buildActionMask = 2147483647;
			files = (
				BF598E1C1978271F00DE7B5E /* Main_iPad.storyboard in Resources */,
				BF598E211978271F00DE7B5E /* Images.xcassets in Resources */,
				BF598E191978271F00DE7B5E /* Main_iPhone.storyboard in Resources */,
				BF598E101978271F00DE7B5E /* InfoPlist.strings in Resources */,
			);
			runOnlyForDeploymentPostprocessing = 0;
		};
		BF598E241978271F00DE7B5E /* Resources */ = {
			isa = PBXResourcesBuildPhase;
			buildActionMask = 2147483647;
			files = (
				BF598E321978271F00DE7B5E /* InfoPlist.strings in Resources */,
			);
			runOnlyForDeploymentPostprocessing = 0;
		};
/* End PBXResourcesBuildPhase section */

/* Begin PBXSourcesBuildPhase section */
		BF598DFE1978271F00DE7B5E /* Sources */ = {
			isa = PBXSourcesBuildPhase;
			buildActionMask = 2147483647;
			files = (
				BF39BD6B198564ED007D1A83 /* Photo+Flickr.m in Sources */,
				BF39BD50198437DC007D1A83 /* TopPlaces.xcdatamodeld in Sources */,
				BF630AEE19992BCD00360D8D /* Photographer.m in Sources */,
				BF630AE819992BCC00360D8D /* Region.m in Sources */,
				BF630AEB19992BCD00360D8D /* Photo.m in Sources */,
				BF598E161978271F00DE7B5E /* AppDelegate.m in Sources */,
				BF39BD3B197B290D007D1A83 /* TopPhotosByLocationFlickrPhotosTVC.m in Sources */,
				BF39BD4A1982CA6B007D1A83 /* CoreDataTableViewController.m in Sources */,
				BF39BD3E197B7C35007D1A83 /* ImageViewController.m in Sources */,
				BF39BD41197C438F007D1A83 /* RecentPhotosFlickrPhotosTVC.m in Sources */,
				BF39BD7119857320007D1A83 /* Region+Flickr.m in Sources */,
				BF39BD37197B286B007D1A83 /* FlickrPhotosTVC.m in Sources */,
				BF39BD4D1982CCEC007D1A83 /* SharedDocumentHandler.m in Sources */,
				BF598E4919782ABF00DE7B5E /* TopRegionsFlickrLocationsTVC.m in Sources */,
				BF39BD44197C9780007D1A83 /* UserDefaults.m in Sources */,
				BF39BD6E19856C38007D1A83 /* Photographer+Create.m in Sources */,
				BF598E421978288400DE7B5E /* FlickrRegionsTVC.m in Sources */,
				BF598E46197828BF00DE7B5E /* FlickrFetcher.m in Sources */,
				BF598E121978271F00DE7B5E /* main.m in Sources */,
			);
			runOnlyForDeploymentPostprocessing = 0;
		};
		BF598E221978271F00DE7B5E /* Sources */ = {
			isa = PBXSourcesBuildPhase;
			buildActionMask = 2147483647;
			files = (
				BF598E341978271F00DE7B5E /* Top_PlacesTests.m in Sources */,
			);
			runOnlyForDeploymentPostprocessing = 0;
		};
/* End PBXSourcesBuildPhase section */

/* Begin PBXTargetDependency section */
		BF598E2C1978271F00DE7B5E /* PBXTargetDependency */ = {
			isa = PBXTargetDependency;
			target = BF598E011978271F00DE7B5E /* Top Places */;
			targetProxy = BF598E2B1978271F00DE7B5E /* PBXContainerItemProxy */;
		};
/* End PBXTargetDependency section */

/* Begin PBXVariantGroup section */
		BF598E0E1978271F00DE7B5E /* InfoPlist.strings */ = {
			isa = PBXVariantGroup;
			children = (
				BF598E0F1978271F00DE7B5E /* en */,
			);
			name = InfoPlist.strings;
			sourceTree = "<group>";
		};
		BF598E171978271F00DE7B5E /* Main_iPhone.storyboard */ = {
			isa = PBXVariantGroup;
			children = (
				BF598E181978271F00DE7B5E /* Base */,
			);
			name = Main_iPhone.storyboard;
			sourceTree = "<group>";
		};
		BF598E1A1978271F00DE7B5E /* Main_iPad.storyboard */ = {
			isa = PBXVariantGroup;
			children = (
				BF598E1B1978271F00DE7B5E /* Base */,
			);
			name = Main_iPad.storyboard;
			sourceTree = "<group>";
		};
		BF598E301978271F00DE7B5E /* InfoPlist.strings */ = {
			isa = PBXVariantGroup;
			children = (
				BF598E311978271F00DE7B5E /* en */,
			);
			name = InfoPlist.strings;
			sourceTree = "<group>";
		};
/* End PBXVariantGroup section */

/* Begin XCBuildConfiguration section */
		BF598E351978271F00DE7B5E /* Debug */ = {
			isa = XCBuildConfiguration;
			buildSettings = {
				ALWAYS_SEARCH_USER_PATHS = NO;
				CLANG_CXX_LANGUAGE_STANDARD = "gnu++0x";
				CLANG_CXX_LIBRARY = "libc++";
				CLANG_ENABLE_MODULES = YES;
				CLANG_ENABLE_OBJC_ARC = YES;
				CLANG_WARN_BOOL_CONVERSION = YES;
				CLANG_WARN_CONSTANT_CONVERSION = YES;
				CLANG_WARN_DIRECT_OBJC_ISA_USAGE = YES_ERROR;
				CLANG_WARN_EMPTY_BODY = YES;
				CLANG_WARN_ENUM_CONVERSION = YES;
				CLANG_WARN_INT_CONVERSION = YES;
				CLANG_WARN_OBJC_ROOT_CLASS = YES_ERROR;
				CLANG_WARN__DUPLICATE_METHOD_MATCH = YES;
				"CODE_SIGN_IDENTITY[sdk=iphoneos*]" = "iPhone Developer";
				COPY_PHASE_STRIP = NO;
				GCC_C_LANGUAGE_STANDARD = gnu99;
				GCC_DYNAMIC_NO_PIC = NO;
				GCC_OPTIMIZATION_LEVEL = 0;
				GCC_PREPROCESSOR_DEFINITIONS = (
					"DEBUG=1",
					"$(inherited)",
				);
				GCC_SYMBOLS_PRIVATE_EXTERN = NO;
				GCC_WARN_64_TO_32_BIT_CONVERSION = YES;
				GCC_WARN_ABOUT_RETURN_TYPE = YES_ERROR;
				GCC_WARN_UNDECLARED_SELECTOR = YES;
				GCC_WARN_UNINITIALIZED_AUTOS = YES_AGGRESSIVE;
				GCC_WARN_UNUSED_FUNCTION = YES;
				GCC_WARN_UNUSED_VARIABLE = YES;
				IPHONEOS_DEPLOYMENT_TARGET = 7.1;
				ONLY_ACTIVE_ARCH = YES;
				SDKROOT = iphoneos;
				TARGETED_DEVICE_FAMILY = "1,2";
			};
			name = Debug;
		};
		BF598E361978271F00DE7B5E /* Release */ = {
			isa = XCBuildConfiguration;
			buildSettings = {
				ALWAYS_SEARCH_USER_PATHS = NO;
				CLANG_CXX_LANGUAGE_STANDARD = "gnu++0x";
				CLANG_CXX_LIBRARY = "libc++";
				CLANG_ENABLE_MODULES = YES;
				CLANG_ENABLE_OBJC_ARC = YES;
				CLANG_WARN_BOOL_CONVERSION = YES;
				CLANG_WARN_CONSTANT_CONVERSION = YES;
				CLANG_WARN_DIRECT_OBJC_ISA_USAGE = YES_ERROR;
				CLANG_WARN_EMPTY_BODY = YES;
				CLANG_WARN_ENUM_CONVERSION = YES;
				CLANG_WARN_INT_CONVERSION = YES;
				CLANG_WARN_OBJC_ROOT_CLASS = YES_ERROR;
				CLANG_WARN__DUPLICATE_METHOD_MATCH = YES;
				"CODE_SIGN_IDENTITY[sdk=iphoneos*]" = "iPhone Developer";
				COPY_PHASE_STRIP = YES;
				ENABLE_NS_ASSERTIONS = NO;
				GCC_C_LANGUAGE_STANDARD = gnu99;
				GCC_WARN_64_TO_32_BIT_CONVERSION = YES;
				GCC_WARN_ABOUT_RETURN_TYPE = YES_ERROR;
				GCC_WARN_UNDECLARED_SELECTOR = YES;
				GCC_WARN_UNINITIALIZED_AUTOS = YES_AGGRESSIVE;
				GCC_WARN_UNUSED_FUNCTION = YES;
				GCC_WARN_UNUSED_VARIABLE = YES;
				IPHONEOS_DEPLOYMENT_TARGET = 7.1;
				SDKROOT = iphoneos;
				TARGETED_DEVICE_FAMILY = "1,2";
				VALIDATE_PRODUCT = YES;
			};
			name = Release;
		};
		BF598E381978271F00DE7B5E /* Debug */ = {
			isa = XCBuildConfiguration;
			buildSettings = {
				ASSETCATALOG_COMPILER_APPICON_NAME = AppIcon;
				ASSETCATALOG_COMPILER_LAUNCHIMAGE_NAME = LaunchImage;
				GCC_PRECOMPILE_PREFIX_HEADER = YES;
				GCC_PREFIX_HEADER = "Top Places/Top Places-Prefix.pch";
				INFOPLIST_FILE = "Top Places/Top Places-Info.plist";
				PRODUCT_NAME = "$(TARGET_NAME)";
				WRAPPER_EXTENSION = app;
			};
			name = Debug;
		};
		BF598E391978271F00DE7B5E /* Release */ = {
			isa = XCBuildConfiguration;
			buildSettings = {
				ASSETCATALOG_COMPILER_APPICON_NAME = AppIcon;
				ASSETCATALOG_COMPILER_LAUNCHIMAGE_NAME = LaunchImage;
				GCC_PRECOMPILE_PREFIX_HEADER = YES;
				GCC_PREFIX_HEADER = "Top Places/Top Places-Prefix.pch";
				INFOPLIST_FILE = "Top Places/Top Places-Info.plist";
				PRODUCT_NAME = "$(TARGET_NAME)";
				WRAPPER_EXTENSION = app;
			};
			name = Release;
		};
		BF598E3B1978271F00DE7B5E /* Debug */ = {
			isa = XCBuildConfiguration;
			buildSettings = {
				BUNDLE_LOADER = "$(BUILT_PRODUCTS_DIR)/Top Places.app/Top Places";
				FRAMEWORK_SEARCH_PATHS = (
					"$(SDKROOT)/Developer/Library/Frameworks",
					"$(inherited)",
					"$(DEVELOPER_FRAMEWORKS_DIR)",
				);
				GCC_PRECOMPILE_PREFIX_HEADER = YES;
				GCC_PREFIX_HEADER = "Top Places/Top Places-Prefix.pch";
				GCC_PREPROCESSOR_DEFINITIONS = (
					"DEBUG=1",
					"$(inherited)",
				);
				INFOPLIST_FILE = "Top PlacesTests/Top PlacesTests-Info.plist";
				PRODUCT_NAME = "$(TARGET_NAME)";
				TEST_HOST = "$(BUNDLE_LOADER)";
				WRAPPER_EXTENSION = xctest;
			};
			name = Debug;
		};
		BF598E3C1978271F00DE7B5E /* Release */ = {
			isa = XCBuildConfiguration;
			buildSettings = {
				BUNDLE_LOADER = "$(BUILT_PRODUCTS_DIR)/Top Places.app/Top Places";
				FRAMEWORK_SEARCH_PATHS = (
					"$(SDKROOT)/Developer/Library/Frameworks",
					"$(inherited)",
					"$(DEVELOPER_FRAMEWORKS_DIR)",
				);
				GCC_PRECOMPILE_PREFIX_HEADER = YES;
				GCC_PREFIX_HEADER = "Top Places/Top Places-Prefix.pch";
				INFOPLIST_FILE = "Top PlacesTests/Top PlacesTests-Info.plist";
				PRODUCT_NAME = "$(TARGET_NAME)";
				TEST_HOST = "$(BUNDLE_LOADER)";
				WRAPPER_EXTENSION = xctest;
			};
			name = Release;
		};
/* End XCBuildConfiguration section */

/* Begin XCConfigurationList section */
		BF598DFD1978271F00DE7B5E /* Build configuration list for PBXProject "Top Places" */ = {
			isa = XCConfigurationList;
			buildConfigurations = (
				BF598E351978271F00DE7B5E /* Debug */,
				BF598E361978271F00DE7B5E /* Release */,
			);
			defaultConfigurationIsVisible = 0;
			defaultConfigurationName = Release;
		};
		BF598E371978271F00DE7B5E /* Build configuration list for PBXNativeTarget "Top Places" */ = {
			isa = XCConfigurationList;
			buildConfigurations = (
				BF598E381978271F00DE7B5E /* Debug */,
				BF598E391978271F00DE7B5E /* Release */,
			);
			defaultConfigurationIsVisible = 0;
			defaultConfigurationName = Release;
		};
		BF598E3A1978271F00DE7B5E /* Build configuration list for PBXNativeTarget "Top PlacesTests" */ = {
			isa = XCConfigurationList;
			buildConfigurations = (
				BF598E3B1978271F00DE7B5E /* Debug */,
				BF598E3C1978271F00DE7B5E /* Release */,
			);
			defaultConfigurationIsVisible = 0;
			defaultConfigurationName = Release;
		};
/* End XCConfigurationList section */

/* Begin XCVersionGroup section */
		BF39BD4E198437DC007D1A83 /* TopPlaces.xcdatamodeld */ = {
			isa = XCVersionGroup;
			children = (
				BF39BD4F198437DC007D1A83 /* TopPlaces.xcdatamodel */,
			);
			currentVersion = BF39BD4F198437DC007D1A83 /* TopPlaces.xcdatamodel */;
			path = TopPlaces.xcdatamodeld;
			sourceTree = "<group>";
			versionGroupType = wrapper.xcdatamodel;
		};
/* End XCVersionGroup section */
	};
	rootObject = BF598DFA1978271F00DE7B5E /* Project object */;
}
